// !$*UTF8*$!
{
	archiveVersion = 1;
	classes = {
	};
	objectVersion = 48;
	objects = {

/* Begin PBXBuildFile section */
		A6ECB83F20534B3B0013A75F /* AppDelegate.swift in Sources */ = {isa = PBXBuildFile; fileRef = A6ECB83E20534B3B0013A75F /* AppDelegate.swift */; };
		A6ECB84120534B3B0013A75F /* ViewController.swift in Sources */ = {isa = PBXBuildFile; fileRef = A6ECB84020534B3B0013A75F /* ViewController.swift */; };
		A6ECB84420534B3B0013A75F /* Main.storyboard in Resources */ = {isa = PBXBuildFile; fileRef = A6ECB84220534B3B0013A75F /* Main.storyboard */; };
		A6ECB84620534B3B0013A75F /* Assets.xcassets in Resources */ = {isa = PBXBuildFile; fileRef = A6ECB84520534B3B0013A75F /* Assets.xcassets */; };
		A6ECB84920534B3B0013A75F /* LaunchScreen.storyboard in Resources */ = {isa = PBXBuildFile; fileRef = A6ECB84720534B3B0013A75F /* LaunchScreen.storyboard */; };
		A6ECB85420534B3B0013A75F /* tipsterTests.swift in Sources */ = {isa = PBXBuildFile; fileRef = A6ECB85320534B3B0013A75F /* tipsterTests.swift */; };
		A6ECB85F20534B3B0013A75F /* tipsterUITests.swift in Sources */ = {isa = PBXBuildFile; fileRef = A6ECB85E20534B3B0013A75F /* tipsterUITests.swift */; };
/* End PBXBuildFile section */

/* Begin PBXContainerItemProxy section */
		A6ECB85020534B3B0013A75F /* PBXContainerItemProxy */ = {
			isa = PBXContainerItemProxy;
			containerPortal = A6ECB83320534B3B0013A75F /* Project object */;
			proxyType = 1;
			remoteGlobalIDString = A6ECB83A20534B3B0013A75F;
			remoteInfo = tipster;
		};
		A6ECB85B20534B3B0013A75F /* PBXContainerItemProxy */ = {
			isa = PBXContainerItemProxy;
			containerPortal = A6ECB83320534B3B0013A75F /* Project object */;
			proxyType = 1;
			remoteGlobalIDString = A6ECB83A20534B3B0013A75F;
			remoteInfo = tipster;
		};
/* End PBXContainerItemProxy section */

/* Begin PBXFileReference section */
		A6ECB83B20534B3B0013A75F /* tipster.app */ = {isa = PBXFileReference; explicitFileType = wrapper.application; includeInIndex = 0; path = tipster.app; sourceTree = BUILT_PRODUCTS_DIR; };
		A6ECB83E20534B3B0013A75F /* AppDelegate.swift */ = {isa = PBXFileReference; lastKnownFileType = sourcecode.swift; path = AppDelegate.swift; sourceTree = "<group>"; };
		A6ECB84020534B3B0013A75F /* ViewController.swift */ = {isa = PBXFileReference; lastKnownFileType = sourcecode.swift; path = ViewController.swift; sourceTree = "<group>"; };
		A6ECB84320534B3B0013A75F /* Base */ = {isa = PBXFileReference; lastKnownFileType = file.storyboard; name = Base; path = Base.lproj/Main.storyboard; sourceTree = "<group>"; };
		A6ECB84520534B3B0013A75F /* Assets.xcassets */ = {isa = PBXFileReference; lastKnownFileType = folder.assetcatalog; path = Assets.xcassets; sourceTree = "<group>"; };
		A6ECB84820534B3B0013A75F /* Base */ = {isa = PBXFileReference; lastKnownFileType = file.storyboard; name = Base; path = Base.lproj/LaunchScreen.storyboard; sourceTree = "<group>"; };
		A6ECB84A20534B3B0013A75F /* Info.plist */ = {isa = PBXFileReference; lastKnownFileType = text.plist.xml; path = Info.plist; sourceTree = "<group>"; };
		A6ECB84F20534B3B0013A75F /* tipsterTests.xctest */ = {isa = PBXFileReference; explicitFileType = wrapper.cfbundle; includeInIndex = 0; path = tipsterTests.xctest; sourceTree = BUILT_PRODUCTS_DIR; };
		A6ECB85320534B3B0013A75F /* tipsterTests.swift */ = {isa = PBXFileReference; lastKnownFileType = sourcecode.swift; path = tipsterTests.swift; sourceTree = "<group>"; };
		A6ECB85520534B3B0013A75F /* Info.plist */ = {isa = PBXFileReference; lastKnownFileType = text.plist.xml; path = Info.plist; sourceTree = "<group>"; };
		A6ECB85A20534B3B0013A75F /* tipsterUITests.xctest */ = {isa = PBXFileReference; explicitFileType = wrapper.cfbundle; includeInIndex = 0; path = tipsterUITests.xctest; sourceTree = BUILT_PRODUCTS_DIR; };
		A6ECB85E20534B3B0013A75F /* tipsterUITests.swift */ = {isa = PBXFileReference; lastKnownFileType = sourcecode.swift; path = tipsterUITests.swift; sourceTree = "<group>"; };
		A6ECB86020534B3B0013A75F /* Info.plist */ = {isa = PBXFileReference; lastKnownFileType = text.plist.xml; path = Info.plist; sourceTree = "<group>"; };
/* End PBXFileReference section */

/* Begin PBXFrameworksBuildPhase section */
		A6ECB83820534B3B0013A75F /* Frameworks */ = {
			isa = PBXFrameworksBuildPhase;
			buildActionMask = 2147483647;
			files = (
			);
			runOnlyForDeploymentPostprocessing = 0;
		};
		A6ECB84C20534B3B0013A75F /* Frameworks */ = {
			isa = PBXFrameworksBuildPhase;
			buildActionMask = 2147483647;
			files = (
			);
			runOnlyForDeploymentPostprocessing = 0;
		};
		A6ECB85720534B3B0013A75F /* Frameworks */ = {
			isa = PBXFrameworksBuildPhase;
			buildActionMask = 2147483647;
			files = (
			);
			runOnlyForDeploymentPostprocessing = 0;
		};
/* End PBXFrameworksBuildPhase section */

/* Begin PBXGroup section */
		A6ECB83220534B3B0013A75F = {
			isa = PBXGroup;
			children = (
				A6ECB83D20534B3B0013A75F /* tipster */,
				A6ECB85220534B3B0013A75F /* tipsterTests */,
				A6ECB85D20534B3B0013A75F /* tipsterUITests */,
				A6ECB83C20534B3B0013A75F /* Products */,
			);
			sourceTree = "<group>";
		};
		A6ECB83C20534B3B0013A75F /* Products */ = {
			isa = PBXGroup;
			children = (
				A6ECB83B20534B3B0013A75F /* tipster.app */,
				A6ECB84F20534B3B0013A75F /* tipsterTests.xctest */,
				A6ECB85A20534B3B0013A75F /* tipsterUITests.xctest */,
			);
			name = Products;
			sourceTree = "<group>";
		};
		A6ECB83D20534B3B0013A75F /* tipster */ = {
			isa = PBXGroup;
			children = (
				A6ECB83E20534B3B0013A75F /* AppDelegate.swift */,
				A6ECB84020534B3B0013A75F /* ViewController.swift */,
				A6ECB84220534B3B0013A75F /* Main.storyboard */,
				A6ECB84520534B3B0013A75F /* Assets.xcassets */,
				A6ECB84720534B3B0013A75F /* LaunchScreen.storyboard */,
				A6ECB84A20534B3B0013A75F /* Info.plist */,
			);
			path = tipster;
			sourceTree = "<group>";
		};
		A6ECB85220534B3B0013A75F /* tipsterTests */ = {
			isa = PBXGroup;
			children = (
				A6ECB85320534B3B0013A75F /* tipsterTests.swift */,
				A6ECB85520534B3B0013A75F /* Info.plist */,
			);
			path = tipsterTests;
			sourceTree = "<group>";
		};
		A6ECB85D20534B3B0013A75F /* tipsterUITests */ = {
			isa = PBXGroup;
			children = (
				A6ECB85E20534B3B0013A75F /* tipsterUITests.swift */,
				A6ECB86020534B3B0013A75F /* Info.plist */,
			);
			path = tipsterUITests;
			sourceTree = "<group>";
		};
/* End PBXGroup section */

/* Begin PBXNativeTarget section */
		A6ECB83A20534B3B0013A75F /* tipster */ = {
			isa = PBXNativeTarget;
			buildConfigurationList = A6ECB86320534B3B0013A75F /* Build configuration list for PBXNativeTarget "tipster" */;
			buildPhases = (
				A6ECB83720534B3B0013A75F /* Sources */,
				A6ECB83820534B3B0013A75F /* Frameworks */,
				A6ECB83920534B3B0013A75F /* Resources */,
			);
			buildRules = (
			);
			dependencies = (
			);
			name = tipster;
			productName = tipster;
			productReference = A6ECB83B20534B3B0013A75F /* tipster.app */;
			productType = "com.apple.product-type.application";
		};
		A6ECB84E20534B3B0013A75F /* tipsterTests */ = {
			isa = PBXNativeTarget;
			buildConfigurationList = A6ECB86620534B3B0013A75F /* Build configuration list for PBXNativeTarget "tipsterTests" */;
			buildPhases = (
				A6ECB84B20534B3B0013A75F /* Sources */,
				A6ECB84C20534B3B0013A75F /* Frameworks */,
				A6ECB84D20534B3B0013A75F /* Resources */,
			);
			buildRules = (
			);
			dependencies = (
				A6ECB85120534B3B0013A75F /* PBXTargetDependency */,
			);
			name = tipsterTests;
			productName = tipsterTests;
			productReference = A6ECB84F20534B3B0013A75F /* tipsterTests.xctest */;
			productType = "com.apple.product-type.bundle.unit-test";
		};
		A6ECB85920534B3B0013A75F /* tipsterUITests */ = {
			isa = PBXNativeTarget;
			buildConfigurationList = A6ECB86920534B3B0013A75F /* Build configuration list for PBXNativeTarget "tipsterUITests" */;
			buildPhases = (
				A6ECB85620534B3B0013A75F /* Sources */,
				A6ECB85720534B3B0013A75F /* Frameworks */,
				A6ECB85820534B3B0013A75F /* Resources */,
			);
			buildRules = (
			);
			dependencies = (
				A6ECB85C20534B3B0013A75F /* PBXTargetDependency */,
			);
			name = tipsterUITests;
			productName = tipsterUITests;
			productReference = A6ECB85A20534B3B0013A75F /* tipsterUITests.xctest */;
			productType = "com.apple.product-type.bundle.ui-testing";
		};
/* End PBXNativeTarget section */

/* Begin PBXProject section */
		A6ECB83320534B3B0013A75F /* Project object */ = {
			isa = PBXProject;
			attributes = {
				LastSwiftUpdateCheck = 0920;
				LastUpgradeCheck = 0920;
				ORGANIZATIONNAME = "Ruslan Suvorov";
				TargetAttributes = {
					A6ECB83A20534B3B0013A75F = {
						CreatedOnToolsVersion = 9.2;
						ProvisioningStyle = Automatic;
					};
					A6ECB84E20534B3B0013A75F = {
						CreatedOnToolsVersion = 9.2;
						ProvisioningStyle = Automatic;
						TestTargetID = A6ECB83A20534B3B0013A75F;
					};
					A6ECB85920534B3B0013A75F = {
						CreatedOnToolsVersion = 9.2;
						ProvisioningStyle = Automatic;
						TestTargetID = A6ECB83A20534B3B0013A75F;
					};
				};
			};
			buildConfigurationList = A6ECB83620534B3B0013A75F /* Build configuration list for PBXProject "tipster" */;
			compatibilityVersion = "Xcode 8.0";
			developmentRegion = en;
			hasScannedForEncodings = 0;
			knownRegions = (
				en,
				Base,
			);
			mainGroup = A6ECB83220534B3B0013A75F;
			productRefGroup = A6ECB83C20534B3B0013A75F /* Products */;
			projectDirPath = "";
			projectRoot = "";
			targets = (
				A6ECB83A20534B3B0013A75F /* tipster */,
				A6ECB84E20534B3B0013A75F /* tipsterTests */,
				A6ECB85920534B3B0013A75F /* tipsterUITests */,
			);
		};
/* End PBXProject section */

/* Begin PBXResourcesBuildPhase section */
		A6ECB83920534B3B0013A75F /* Resources */ = {
			isa = PBXResourcesBuildPhase;
			buildActionMask = 2147483647;
			files = (
				A6ECB84920534B3B0013A75F /* LaunchScreen.storyboard in Resources */,
				A6ECB84620534B3B0013A75F /* Assets.xcassets in Resources */,
				A6ECB84420534B3B0013A75F /* Main.storyboard in Resources */,
			);
			runOnlyForDeploymentPostprocessing = 0;
		};
		A6ECB84D20534B3B0013A75F /* Resources */ = {
			isa = PBXResourcesBuildPhase;
			buildActionMask = 2147483647;
			files = (
			);
			runOnlyForDeploymentPostprocessing = 0;
		};
		A6ECB85820534B3B0013A75F /* Resources */ = {
			isa = PBXResourcesBuildPhase;
			buildActionMask = 2147483647;
			files = (
			);
			runOnlyForDeploymentPostprocessing = 0;
		};
/* End PBXResourcesBuildPhase section */

/* Begin PBXSourcesBuildPhase section */
		A6ECB83720534B3B0013A75F /* Sources */ = {
			isa = PBXSourcesBuildPhase;
			buildActionMask = 2147483647;
			files = (
				A6ECB84120534B3B0013A75F /* ViewController.swift in Sources */,
				A6ECB83F20534B3B0013A75F /* AppDelegate.swift in Sources */,
			);
			runOnlyForDeploymentPostprocessing = 0;
		};
		A6ECB84B20534B3B0013A75F /* Sources */ = {
			isa = PBXSourcesBuildPhase;
			buildActionMask = 2147483647;
			files = (
				A6ECB85420534B3B0013A75F /* tipsterTests.swift in Sources */,
			);
			runOnlyForDeploymentPostprocessing = 0;
		};
		A6ECB85620534B3B0013A75F /* Sources */ = {
			isa = PBXSourcesBuildPhase;
			buildActionMask = 2147483647;
			files = (
				A6ECB85F20534B3B0013A75F /* tipsterUITests.swift in Sources */,
			);
			runOnlyForDeploymentPostprocessing = 0;
		};
/* End PBXSourcesBuildPhase section */

/* Begin PBXTargetDependency section */
		A6ECB85120534B3B0013A75F /* PBXTargetDependency */ = {
			isa = PBXTargetDependency;
			target = A6ECB83A20534B3B0013A75F /* tipster */;
			targetProxy = A6ECB85020534B3B0013A75F /* PBXContainerItemProxy */;
		};
		A6ECB85C20534B3B0013A75F /* PBXTargetDependency */ = {
			isa = PBXTargetDependency;
			target = A6ECB83A20534B3B0013A75F /* tipster */;
			targetProxy = A6ECB85B20534B3B0013A75F /* PBXContainerItemProxy */;
		};
/* End PBXTargetDependency section */

/* Begin PBXVariantGroup section */
		A6ECB84220534B3B0013A75F /* Main.storyboard */ = {
			isa = PBXVariantGroup;
			children = (
				A6ECB84320534B3B0013A75F /* Base */,
			);
			name = Main.storyboard;
			sourceTree = "<group>";
		};
		A6ECB84720534B3B0013A75F /* LaunchScreen.storyboard */ = {
			isa = PBXVariantGroup;
			children = (
				A6ECB84820534B3B0013A75F /* Base */,
			);
			name = LaunchScreen.storyboard;
			sourceTree = "<group>";
		};
/* End PBXVariantGroup section */

/* Begin XCBuildConfiguration section */
		A6ECB86120534B3B0013A75F /* Debug */ = {
			isa = XCBuildConfiguration;
			buildSettings = {
				ALWAYS_SEARCH_USER_PATHS = NO;
				CLANG_ANALYZER_NONNULL = YES;
				CLANG_ANALYZER_NUMBER_OBJECT_CONVERSION = YES_AGGRESSIVE;
				CLANG_CXX_LANGUAGE_STANDARD = "gnu++14";
				CLANG_CXX_LIBRARY = "libc++";
				CLANG_ENABLE_MODULES = YES;
				CLANG_ENABLE_OBJC_ARC = YES;
				CLANG_WARN_BLOCK_CAPTURE_AUTORELEASING = YES;
				CLANG_WARN_BOOL_CONVERSION = YES;
				CLANG_WARN_COMMA = YES;
				CLANG_WARN_CONSTANT_CONVERSION = YES;
				CLANG_WARN_DIRECT_OBJC_ISA_USAGE = YES_ERROR;
				CLANG_WARN_DOCUMENTATION_COMMENTS = YES;
				CLANG_WARN_EMPTY_BODY = YES;
				CLANG_WARN_ENUM_CONVERSION = YES;
				CLANG_WARN_INFINITE_RECURSION = YES;
				CLANG_WARN_INT_CONVERSION = YES;
				CLANG_WARN_NON_LITERAL_NULL_CONVERSION = YES;
				CLANG_WARN_OBJC_LITERAL_CONVERSION = YES;
				CLANG_WARN_OBJC_ROOT_CLASS = YES_ERROR;
				CLANG_WARN_RANGE_LOOP_ANALYSIS = YES;
				CLANG_WARN_STRICT_PROTOTYPES = YES;
				CLANG_WARN_SUSPICIOUS_MOVE = YES;
				CLANG_WARN_UNGUARDED_AVAILABILITY = YES_AGGRESSIVE;
				CLANG_WARN_UNREACHABLE_CODE = YES;
				CLANG_WARN__DUPLICATE_METHOD_MATCH = YES;
				CODE_SIGN_IDENTITY = "iPhone Developer";
				COPY_PHASE_STRIP = NO;
				DEBUG_INFORMATION_FORMAT = dwarf;
				ENABLE_STRICT_OBJC_MSGSEND = YES;
				ENABLE_TESTABILITY = YES;
				GCC_C_LANGUAGE_STANDARD = gnu11;
				GCC_DYNAMIC_NO_PIC = NO;
				GCC_NO_COMMON_BLOCKS = YES;
				GCC_OPTIMIZATION_LEVEL = 0;
				GCC_PREPROCESSOR_DEFINITIONS = (
					"DEBUG=1",
					"$(inherited)",
				);
				GCC_WARN_64_TO_32_BIT_CONVERSION = YES;
				GCC_WARN_ABOUT_RETURN_TYPE = YES_ERROR;
				GCC_WARN_UNDECLARED_SELECTOR = YES;
				GCC_WARN_UNINITIALIZED_AUTOS = YES_AGGRESSIVE;
				GCC_WARN_UNUSED_FUNCTION = YES;
				GCC_WARN_UNUSED_VARIABLE = YES;
				IPHONEOS_DEPLOYMENT_TARGET = 11.2;
				MTL_ENABLE_DEBUG_INFO = YES;
				ONLY_ACTIVE_ARCH = YES;
				SDKROOT = iphoneos;
				SWIFT_ACTIVE_COMPILATION_CONDITIONS = DEBUG;
				SWIFT_OPTIMIZATION_LEVEL = "-Onone";
			};
			name = Debug;
		};
		A6ECB86220534B3B0013A75F /* Release */ = {
			isa = XCBuildConfiguration;
			buildSettings = {
				ALWAYS_SEARCH_USER_PATHS = NO;
				CLANG_ANALYZER_NONNULL = YES;
				CLANG_ANALYZER_NUMBER_OBJECT_CONVERSION = YES_AGGRESSIVE;
				CLANG_CXX_LANGUAGE_STANDARD = "gnu++14";
				CLANG_CXX_LIBRARY = "libc++";
				CLANG_ENABLE_MODULES = YES;
				CLANG_ENABLE_OBJC_ARC = YES;
				CLANG_WARN_BLOCK_CAPTURE_AUTORELEASING = YES;
				CLANG_WARN_BOOL_CONVERSION = YES;
				CLANG_WARN_COMMA = YES;
				CLANG_WARN_CONSTANT_CONVERSION = YES;
				CLANG_WARN_DIRECT_OBJC_ISA_USAGE = YES_ERROR;
				CLANG_WARN_DOCUMENTATION_COMMENTS = YES;
				CLANG_WARN_EMPTY_BODY = YES;
				CLANG_WARN_ENUM_CONVERSION = YES;
				CLANG_WARN_INFINITE_RECURSION = YES;
				CLANG_WARN_INT_CONVERSION = YES;
				CLANG_WARN_NON_LITERAL_NULL_CONVERSION = YES;
				CLANG_WARN_OBJC_LITERAL_CONVERSION = YES;
				CLANG_WARN_OBJC_ROOT_CLASS = YES_ERROR;
				CLANG_WARN_RANGE_LOOP_ANALYSIS = YES;
				CLANG_WARN_STRICT_PROTOTYPES = YES;
				CLANG_WARN_SUSPICIOUS_MOVE = YES;
				CLANG_WARN_UNGUARDED_AVAILABILITY = YES_AGGRESSIVE;
				CLANG_WARN_UNREACHABLE_CODE = YES;
				CLANG_WARN__DUPLICATE_METHOD_MATCH = YES;
				CODE_SIGN_IDENTITY = "iPhone Developer";
				COPY_PHASE_STRIP = NO;
				DEBUG_INFORMATION_FORMAT = "dwarf-with-dsym";
				ENABLE_NS_ASSERTIONS = NO;
				ENABLE_STRICT_OBJC_MSGSEND = YES;
				GCC_C_LANGUAGE_STANDARD = gnu11;
				GCC_NO_COMMON_BLOCKS = YES;
				GCC_WARN_64_TO_32_BIT_CONVERSION = YES;
				GCC_WARN_ABOUT_RETURN_TYPE = YES_ERROR;
				GCC_WARN_UNDECLARED_SELECTOR = YES;
				GCC_WARN_UNINITIALIZED_AUTOS = YES_AGGRESSIVE;
				GCC_WARN_UNUSED_FUNCTION = YES;
				GCC_WARN_UNUSED_VARIABLE = YES;
				IPHONEOS_DEPLOYMENT_TARGET = 11.2;
				MTL_ENABLE_DEBUG_INFO = NO;
				SDKROOT = iphoneos;
				SWIFT_OPTIMIZATION_LEVEL = "-Owholemodule";
				VALIDATE_PRODUCT = YES;
			};
			name = Release;
		};
		A6ECB86420534B3B0013A75F /* Debug */ = {
			isa = XCBuildConfiguration;
			buildSettings = {
				ASSETCATALOG_COMPILER_APPICON_NAME = AppIcon;
				CODE_SIGN_STYLE = Automatic;
				DEVELOPMENT_TEAM = 4LCWFZ2JA9;
				INFOPLIST_FILE = tipster/Info.plist;
				LD_RUNPATH_SEARCH_PATHS = "$(inherited) @executable_path/Frameworks";
				PRODUCT_BUNDLE_IDENTIFIER = none.tipster;
				PRODUCT_NAME = "$(TARGET_NAME)";
				SWIFT_VERSION = 4.0;
				TARGETED_DEVICE_FAMILY = "1,2";
			};
			name = Debug;
		};
		A6ECB86520534B3B0013A75F /* Release */ = {
			isa = XCBuildConfiguration;
			buildSettings = {
				ASSETCATALOG_COMPILER_APPICON_NAME = AppIcon;
				CODE_SIGN_STYLE = Automatic;
				DEVELOPMENT_TEAM = 4LCWFZ2JA9;
				INFOPLIST_FILE = tipster/Info.plist;
				LD_RUNPATH_SEARCH_PATHS = "$(inherited) @executable_path/Frameworks";
				PRODUCT_BUNDLE_IDENTIFIER = none.tipster;
				PRODUCT_NAME = "$(TARGET_NAME)";
				SWIFT_VERSION = 4.0;
				TARGETED_DEVICE_FAMILY = "1,2";
			};
			name = Release;
		};
		A6ECB86720534B3B0013A75F /* Debug */ = {
			isa = XCBuildConfiguration;
			buildSettings = {
				ALWAYS_EMBED_SWIFT_STANDARD_LIBRARIES = YES;
				BUNDLE_LOADER = "$(TEST_HOST)";
				CODE_SIGN_STYLE = Automatic;
				DEVELOPMENT_TEAM = 4LCWFZ2JA9;
				INFOPLIST_FILE = tipsterTests/Info.plist;
				LD_RUNPATH_SEARCH_PATHS = "$(inherited) @executable_path/Frameworks @loader_path/Frameworks";
				PRODUCT_BUNDLE_IDENTIFIER = none.tipsterTests;
				PRODUCT_NAME = "$(TARGET_NAME)";
				SWIFT_VERSION = 4.0;
				TARGETED_DEVICE_FAMILY = "1,2";
				TEST_HOST = "$(BUILT_PRODUCTS_DIR)/tipster.app/tipster";
			};
			name = Debug;
		};
		A6ECB86820534B3B0013A75F /* Release */ = {
			isa = XCBuildConfiguration;
			buildSettings = {
				ALWAYS_EMBED_SWIFT_STANDARD_LIBRARIES = YES;
				BUNDLE_LOADER = "$(TEST_HOST)";
				CODE_SIGN_STYLE = Automatic;
				DEVELOPMENT_TEAM = 4LCWFZ2JA9;
				INFOPLIST_FILE = tipsterTests/Info.plist;
				LD_RUNPATH_SEARCH_PATHS = "$(inherited) @executable_path/Frameworks @loader_path/Frameworks";
				PRODUCT_BUNDLE_IDENTIFIER = none.tipsterTests;
				PRODUCT_NAME = "$(TARGET_NAME)";
				SWIFT_VERSION = 4.0;
				TARGETED_DEVICE_FAMILY = "1,2";
				TEST_HOST = "$(BUILT_PRODUCTS_DIR)/tipster.app/tipster";
			};
			name = Release;
		};
		A6ECB86A20534B3B0013A75F /* Debug */ = {
			isa = XCBuildConfiguration;
			buildSettings = {
				ALWAYS_EMBED_SWIFT_STANDARD_LIBRARIES = YES;
				CODE_SIGN_STYLE = Automatic;
				DEVELOPMENT_TEAM = 4LCWFZ2JA9;
				INFOPLIST_FILE = tipsterUITests/Info.plist;
				LD_RUNPATH_SEARCH_PATHS = "$(inherited) @executable_path/Frameworks @loader_path/Frameworks";
				PRODUCT_BUNDLE_IDENTIFIER = none.tipsterUITests;
				PRODUCT_NAME = "$(TARGET_NAME)";
				SWIFT_VERSION = 4.0;
				TARGETED_DEVICE_FAMILY = "1,2";
				TEST_TARGET_NAME = tipster;
			};
			name = Debug;
		};
		A6ECB86B20534B3B0013A75F /* Release */ = {
			isa = XCBuildConfiguration;
			buildSettings = {
				ALWAYS_EMBED_SWIFT_STANDARD_LIBRARIES = YES;
				CODE_SIGN_STYLE = Automatic;
				DEVELOPMENT_TEAM = 4LCWFZ2JA9;
				INFOPLIST_FILE = tipsterUITests/Info.plist;
				LD_RUNPATH_SEARCH_PATHS = "$(inherited) @executable_path/Frameworks @loader_path/Frameworks";
				PRODUCT_BUNDLE_IDENTIFIER = none.tipsterUITests;
				PRODUCT_NAME = "$(TARGET_NAME)";
				SWIFT_VERSION = 4.0;
				TARGETED_DEVICE_FAMILY = "1,2";
				TEST_TARGET_NAME = tipster;
			};
			name = Release;
		};
/* End XCBuildConfiguration section */

/* Begin XCConfigurationList section */
		A6ECB83620534B3B0013A75F /* Build configuration list for PBXProject "tipster" */ = {
			isa = XCConfigurationList;
			buildConfigurations = (
				A6ECB86120534B3B0013A75F /* Debug */,
				A6ECB86220534B3B0013A75F /* Release */,
			);
			defaultConfigurationIsVisible = 0;
			defaultConfigurationName = Release;
		};
		A6ECB86320534B3B0013A75F /* Build configuration list for PBXNativeTarget "tipster" */ = {
			isa = XCConfigurationList;
			buildConfigurations = (
				A6ECB86420534B3B0013A75F /* Debug */,
				A6ECB86520534B3B0013A75F /* Release */,
			);
			defaultConfigurationIsVisible = 0;
			defaultConfigurationName = Release;
		};
		A6ECB86620534B3B0013A75F /* Build configuration list for PBXNativeTarget "tipsterTests" */ = {
			isa = XCConfigurationList;
			buildConfigurations = (
				A6ECB86720534B3B0013A75F /* Debug */,
				A6ECB86820534B3B0013A75F /* Release */,
			);
			defaultConfigurationIsVisible = 0;
			defaultConfigurationName = Release;
		};
		A6ECB86920534B3B0013A75F /* Build configuration list for PBXNativeTarget "tipsterUITests" */ = {
			isa = XCConfigurationList;
			buildConfigurations = (
				A6ECB86A20534B3B0013A75F /* Debug */,
				A6ECB86B20534B3B0013A75F /* Release */,
			);
			defaultConfigurationIsVisible = 0;
			defaultConfigurationName = Release;
		};
/* End XCConfigurationList section */
	};
	rootObject = A6ECB83320534B3B0013A75F /* Project object */;
}
